{
  "originHash" : "7a6b74804cebb61fd50009aeab772555755d5cf814df7b54a10d7d707e36e552",
  "pins" : [
    {
      "identity" : "swift-collections",
      "kind" : "remoteSourceControl",
      "location" : "https://github.com/apple/swift-collections",
      "state" : {
        "revision" : "98ef3c98609a1e31b7e157b5b619579001a789d6",
        "version" : "1.7.1"
      }
    },
    {
      "identity" : "swift-property-based",
      "kind" : "remoteSourceControl",
      "location" : "https://github.com/x-sheep/swift-property-based",
      "state" : {
        "revision" : "7d405e77a7b729390ed1d9a66e1f80a707fd03c4",
        "version" : "2.0.1"
      }
    },
    {
      "identity" : "swiftlintplugins",
      "kind" : "remoteSourceControl",
      "location" : "https://github.com/SimplyDanny/SwiftLintPlugins",
      "state" : {
        "revision" : "ef7d692fc6706e8f5628e26bcafaefa445c58a97",
        "version" : "0.65.1"
      }
    }
  ],
  "version" : 3
}
